// !$*UTF8*$!
{
	archiveVersion = 1;
	classes = {
	};
	objectVersion = 77;
	objects = {

/* Begin PBXContainerItemProxy section */
		60DE9BAA2D55E3D2003BC6AF /* PBXContainerItemProxy */ = {
			isa = PBXContainerItemProxy;
			containerPortal = 60DE9B8B2D55E3D1003BC6AF /* Project object */;
			proxyType = 1;
			remoteGlobalIDString = 60DE9B922D55E3D1003BC6AF;
			remoteInfo = pencilsketch;
		};
		60DE9BB42D55E3D2003BC6AF /* PBXContainerItemProxy */ = {
			isa = PBXContainerItemProxy;
			containerPortal = 60DE9B8B2D55E3D1003BC6AF /* Project object */;
			proxyType = 1;
			remoteGlobalIDString = 60DE9B922D55E3D1003BC6AF;
			remoteInfo = pencilsketch;
		};
/* End PBXContainerItemProxy section */

/* Begin PBXFileReference section */
		60DE9B932D55E3D1003BC6AF /* pencilsketch.app */ = {isa = PBXFileReference; explicitFileType = wrapper.application; includeInIndex = 0; path = pencilsketch.app; sourceTree = BUILT_PRODUCTS_DIR; };
		60DE9BA92D55E3D2003BC6AF /* pencilsketchTests.xctest */ = {isa = PBXFileReference; explicitFileType = wrapper.cfbundle; includeInIndex = 0; path = pencilsketchTests.xctest; sourceTree = BUILT_PRODUCTS_DIR; };
		60DE9BB32D55E3D2003BC6AF /* pencilsketchUITests.xctest */ = {isa = PBXFileReference; explicitFileType = wrapper.cfbundle; includeInIndex = 0; path = pencilsketchUITests.xctest; sourceTree = BUILT_PRODUCTS_DIR; };
/* End PBXFileReference section */

/* Begin PBXFileSystemSynchronizedBuildFileExceptionSet section */
		60DE9BBB2D55E3D2003BC6AF /* Exceptions for "pencilsketch" folder in "pencilsketch" target */ = {
			isa = PBXFileSystemSynchronizedBuildFileExceptionSet;
			membershipExceptions = (
				Info.plist,
			);
			target = 60DE9B922D55E3D1003BC6AF /* pencilsketch */;
		};
/* End PBXFileSystemSynchronizedBuildFileExceptionSet section */

/* Begin PBXFileSystemSynchronizedRootGroup section */
		60DE9B952D55E3D1003BC6AF /* pencilsketch */ = {
			isa = PBXFileSystemSynchronizedRootGroup;
			exceptions = (
				60DE9BBB2D55E3D2003BC6AF /* Exceptions for "pencilsketch" folder in "pencilsketch" target */,
			);
			path = pencilsketch;
			sourceTree = "<group>";
		};
		60DE9BAC2D55E3D2003BC6AF /* pencilsketchTests */ = {
			isa = PBXFileSystemSynchronizedRootGroup;
			path = pencilsketchTests;
			sourceTree = "<group>";
		};
		60DE9BB62D55E3D2003BC6AF /* pencilsketchUITests */ = {
			isa = PBXFileSystemSynchronizedRootGroup;
			path = pencilsketchUITests;
			sourceTree = "<group>";
		};
/* End PBXFileSystemSynchronizedRootGroup section */

/* Begin PBXFrameworksBuildPhase section */
		60DE9B902D55E3D1003BC6AF /* Frameworks */ = {
			isa = PBXFrameworksBuildPhase;
			buildActionMask = 2147483647;
			files = (
			);
			runOnlyForDeploymentPostprocessing = 0;
		};
		60DE9BA62D55E3D2003BC6AF /* Frameworks */ = {
			isa = PBXFrameworksBuildPhase;
			buildActionMask = 2147483647;
			files = (
			);
			runOnlyForDeploymentPostprocessing = 0;
		};
		60DE9BB02D55E3D2003BC6AF /* Frameworks */ = {
			isa = PBXFrameworksBuildPhase;
			buildActionMask = 2147483647;
			files = (
			);
			runOnlyForDeploymentPostprocessing = 0;
		};
/* End PBXFrameworksBuildPhase section */

/* Begin PBXGroup section */
		60DE9B8A2D55E3D1003BC6AF = {
			isa = PBXGroup;
			children = (
				60DE9B952D55E3D1003BC6AF /* pencilsketch */,
				60DE9BAC2D55E3D2003BC6AF /* pencilsketchTests */,
				60DE9BB62D55E3D2003BC6AF /* pencilsketchUITests */,
				60DE9B942D55E3D1003BC6AF /* Products */,
			);
			sourceTree = "<group>";
		};
		60DE9B942D55E3D1003BC6AF /* Products */ = {
			isa = PBXGroup;
			children = (
				60DE9B932D55E3D1003BC6AF /* pencilsketch.app */,
				60DE9BA92D55E3D2003BC6AF /* pencilsketchTests.xctest */,
				60DE9BB32D55E3D2003BC6AF /* pencilsketchUITests.xctest */,
			);
			name = Products;
			sourceTree = "<group>";
		};
/* End PBXGroup section */

/* Begin PBXNativeTarget section */
		60DE9B922D55E3D1003BC6AF /* pencilsketch */ = {
			isa = PBXNativeTarget;
			buildConfigurationList = 60DE9BBC2D55E3D2003BC6AF /* Build configuration list for PBXNativeTarget "pencilsketch" */;
			buildPhases = (
				60DE9B8F2D55E3D1003BC6AF /* Sources */,
				60DE9B902D55E3D1003BC6AF /* Frameworks */,
				60DE9B912D55E3D1003BC6AF /* Resources */,
			);
			buildRules = (
			);
			dependencies = (
			);
			fileSystemSynchronizedGroups = (
				60DE9B952D55E3D1003BC6AF /* pencilsketch */,
			);
			name = pencilsketch;
			packageProductDependencies = (
			);
			productName = pencilsketch;
			productReference = 60DE9B932D55E3D1003BC6AF /* pencilsketch.app */;
			productType = "com.apple.product-type.application";
		};
		60DE9BA82D55E3D2003BC6AF /* pencilsketchTests */ = {
			isa = PBXNativeTarget;
			buildConfigurationList = 60DE9BC12D55E3D2003BC6AF /* Build configuration list for PBXNativeTarget "pencilsketchTests" */;
			buildPhases = (
				60DE9BA52D55E3D2003BC6AF /* Sources */,
				60DE9BA62D55E3D2003BC6AF /* Frameworks */,
				60DE9BA72D55E3D2003BC6AF /* Resources */,
			);
			buildRules = (
			);
			dependencies = (
				60DE9BAB2D55E3D2003BC6AF /* PBXTargetDependency */,
			);
			fileSystemSynchronizedGroups = (
				60DE9BAC2D55E3D2003BC6AF /* pencilsketchTests */,
			);
			name = pencilsketchTests;
			packageProductDependencies = (
			);
			productName = pencilsketchTests;
			productReference = 60DE9BA92D55E3D2003BC6AF /* pencilsketchTests.xctest */;
			productType = "com.apple.product-type.bundle.unit-test";
		};
		60DE9BB22D55E3D2003BC6AF /* pencilsketchUITests */ = {
			isa = PBXNativeTarget;
			buildConfigurationList = 60DE9BC42D55E3D2003BC6AF /* Build configuration list for PBXNativeTarget "pencilsketchUITests" */;
			buildPhases = (
				60DE9BAF2D55E3D2003BC6AF /* Sources */,
				60DE9BB02D55E3D2003BC6AF /* Frameworks */,
				60DE9BB12D55E3D2003BC6AF /* Resources */,
			);
			buildRules = (
			);
			dependencies = (
				60DE9BB52D55E3D2003BC6AF /* PBXTargetDependency */,
			);
			fileSystemSynchronizedGroups = (
				60DE9BB62D55E3D2003BC6AF /* pencilsketchUITests */,
			);
			name = pencilsketchUITests;
			packageProductDependencies = (
			);
			productName = pencilsketchUITests;
			productReference = 60DE9BB32D55E3D2003BC6AF /* pencilsketchUITests.xctest */;
			productType = "com.apple.product-type.bundle.ui-testing";
		};
/* End PBXNativeTarget section */

/* Begin PBXProject section */
		60DE9B8B2D55E3D1003BC6AF /* Project object */ = {
			isa = PBXProject;
			attributes = {
				BuildIndependentTargetsInParallel = 1;
				LastSwiftUpdateCheck = 1620;
				LastUpgradeCheck = 1620;
				TargetAttributes = {
					60DE9B922D55E3D1003BC6AF = {
						CreatedOnToolsVersion = 16.2;
					};
					60DE9BA82D55E3D2003BC6AF = {
						CreatedOnToolsVersion = 16.2;
						TestTargetID = 60DE9B922D55E3D1003BC6AF;
					};
					60DE9BB22D55E3D2003BC6AF = {
						CreatedOnToolsVersion = 16.2;
						TestTargetID = 60DE9B922D55E3D1003BC6AF;
					};
				};
			};
			buildConfigurationList = 60DE9B8E2D55E3D1003BC6AF /* Build configuration list for PBXProject "pencilsketch" */;
			developmentRegion = en;
			hasScannedForEncodings = 0;
			knownRegions = (
				en,
				Base,
			);
			mainGroup = 60DE9B8A2D55E3D1003BC6AF;
			minimizedProjectReferenceProxies = 1;
			preferredProjectObjectVersion = 77;
			productRefGroup = 60DE9B942D55E3D1003BC6AF /* Products */;
			projectDirPath = "";
			projectRoot = "";
			targets = (
				60DE9B922D55E3D1003BC6AF /* pencilsketch */,
				60DE9BA82D55E3D2003BC6AF /* pencilsketchTests */,
				60DE9BB22D55E3D2003BC6AF /* pencilsketchUITests */,
			);
		};
/* End PBXProject section */

/* Begin PBXResourcesBuildPhase section */
		60DE9B912D55E3D1003BC6AF /* Resources */ = {
			isa = PBXResourcesBuildPhase;
			buildActionMask = 2147483647;
			files = (
			);
			runOnlyForDeploymentPostprocessing = 0;
		};
		60DE9BA72D55E3D2003BC6AF /* Resources */ = {
			isa = PBXResourcesBuildPhase;
			buildActionMask = 2147483647;
			files = (
			);
			runOnlyForDeploymentPostprocessing = 0;
		};
		60DE9BB12D55E3D2003BC6AF /* Resources */ = {
			isa = PBXResourcesBuildPhase;
			buildActionMask = 2147483647;
			files = (
			);
			runOnlyForDeploymentPostprocessing = 0;
		};
/* End PBXResourcesBuildPhase section */

/* Begin PBXSourcesBuildPhase section */
		60DE9B8F2D55E3D1003BC6AF /* Sources */ = {
			isa = PBXSourcesBuildPhase;
			buildActionMask = 2147483647;
			files = (
			);
			runOnlyForDeploymentPostprocessing = 0;
		};
		60DE9BA52D55E3D2003BC6AF /* Sources */ = {
			isa = PBXSourcesBuildPhase;
			buildActionMask = 2147483647;
			files = (
			);
			runOnlyForDeploymentPostprocessing = 0;
		};
		60DE9BAF2D55E3D2003BC6AF /* Sources */ = {
			isa = PBXSourcesBuildPhase;
			buildActionMask = 2147483647;
			files = (
			);
			runOnlyForDeploymentPostprocessing = 0;
		};
/* End PBXSourcesBuildPhase section */

/* Begin PBXTargetDependency section */
		60DE9BAB2D55E3D2003BC6AF /* PBXTargetDependency */ = {
			isa = PBXTargetDependency;
			target = 60DE9B922D55E3D1003BC6AF /* pencilsketch */;
			targetProxy = 60DE9BAA2D55E3D2003BC6AF /* PBXContainerItemProxy */;
		};
		60DE9BB52D55E3D2003BC6AF /* PBXTargetDependency */ = {
			isa = PBXTargetDependency;
			target = 60DE9B922D55E3D1003BC6AF /* pencilsketch */;
			targetProxy = 60DE9BB42D55E3D2003BC6AF /* PBXContainerItemProxy */;
		};
/* End PBXTargetDependency section */

/* Begin XCBuildConfiguration section */
		60DE9BBD2D55E3D2003BC6AF /* Debug */ = {
			isa = XCBuildConfiguration;
			buildSettings = {
				ASSETCATALOG_COMPILER_APPICON_NAME = AppIcon;
				ASSETCATALOG_COMPILER_GLOBAL_ACCENT_COLOR_NAME = AccentColor;
				CODE_SIGN_STYLE = Automatic;
				CURRENT_PROJECT_VERSION = 1;
				GENERATE_INFOPLIST_FILE = YES;
				INFOPLIST_FILE = pencilsketch/Info.plist;
				INFOPLIST_KEY_UIApplicationSupportsIndirectInputEvents = YES;
				INFOPLIST_KEY_UILaunchStoryboardName = LaunchScreen;
				INFOPLIST_KEY_UIMainStoryboardFile = Main;
				INFOPLIST_KEY_UISupportedInterfaceOrientations_iPad = "UIInterfaceOrientationPortrait UIInterfaceOrientationPortraitUpsideDown UIInterfaceOrientationLandscapeLeft UIInterfaceOrientationLandscapeRight";
				INFOPLIST_KEY_UISupportedInterfaceOrientations_iPhone = "UIInterfaceOrientationPortrait UIInterfaceOrientationLandscapeLeft UIInterfaceOrientationLandscapeRight";
				LD_RUNPATH_SEARCH_PATHS = (
					"$(inherited)",
					"@executable_path/Frameworks",
				);
				MARKETING_VERSION = 1.0;
				PRODUCT_BUNDLE_IDENTIFIER = vinay.pencilsketch;
				PRODUCT_NAME = "$(TARGET_NAME)";
				SWIFT_EMIT_LOC_STRINGS = YES;
				SWIFT_VERSION = 5.0;
				TARGETED_DEVICE_FAMILY = "1,2";
			};
			name = Debug;
		};
		60DE9BBE2D55E3D2003BC6AF /* Release */ = {
			isa = XCBuildConfiguration;
			buildSettings = {
				ASSETCATALOG_COMPILER_APPICON_NAME = AppIcon;
				ASSETCATALOG_COMPILER_GLOBAL_ACCENT_COLOR_NAME = AccentColor;
				CODE_SIGN_STYLE = Automatic;
				CURRENT_PROJECT_VERSION = 1;
				GENERATE_INFOPLIST_FILE = YES;
				INFOPLIST_FILE = pencilsketch/Info.plist;
				INFOPLIST_KEY_UIApplicationSupportsIndirectInputEvents = YES;
				INFOPLIST_KEY_UILaunchStoryboardName = LaunchScreen;
				INFOPLIST_KEY_UIMainStoryboardFile = Main;
				INFOPLIST_KEY_UISupportedInterfaceOrientations_iPad = "UIInterfaceOrientationPortrait UIInterfaceOrientationPortraitUpsideDown UIInterfaceOrientationLandscapeLeft UIInterfaceOrientationLandscapeRight";
				INFOPLIST_KEY_UISupportedInterfaceOrientations_iPhone = "UIInterfaceOrientationPortrait UIInterfaceOrientationLandscapeLeft UIInterfaceOrientationLandscapeRight";
				LD_RUNPATH_SEARCH_PATHS = (
					"$(inherited)",
					"@executable_path/Frameworks",
				);
				MARKETING_VERSION = 1.0;
				PRODUCT_BUNDLE_IDENTIFIER = vinay.pencilsketch;
				PRODUCT_NAME = "$(TARGET_NAME)";
				SWIFT_EMIT_LOC_STRINGS = YES;
				SWIFT_VERSION = 5.0;
				TARGETED_DEVICE_FAMILY = "1,2";
			};
			name = Release;
		};
		60DE9BBF2D55E3D2003BC6AF /* Debug */ = {
			isa = XCBuildConfiguration;
			buildSettings = {
				ALWAYS_SEARCH_USER_PATHS = NO;
				ASSETCATALOG_COMPILER_GENERATE_SWIFT_ASSET_SYMBOL_EXTENSIONS = YES;
				CLANG_ANALYZER_NONNULL = YES;
				CLANG_ANALYZER_NUMBER_OBJECT_CONVERSION = YES_AGGRESSIVE;
				CLANG_CXX_LANGUAGE_STANDARD = "gnu++20";
				CLANG_ENABLE_MODULES = YES;
				CLANG_ENABLE_OBJC_ARC = YES;
				CLANG_ENABLE_OBJC_WEAK = YES;
				CLANG_WARN_BLOCK_CAPTURE_AUTORELEASING = YES;
				CLANG_WARN_BOOL_CONVERSION = YES;
				CLANG_WARN_COMMA = YES;
				CLANG_WARN_CONSTANT_CONVERSION = YES;
				CLANG_WARN_DEPRECATED_OBJC_IMPLEMENTATIONS = YES;
				CLANG_WARN_DIRECT_OBJC_ISA_USAGE = YES_ERROR;
				CLANG_WARN_DOCUMENTATION_COMMENTS = YES;
				CLANG_WARN_EMPTY_BODY = YES;
				CLANG_WARN_ENUM_CONVERSION = YES;
				CLANG_WARN_INFINITE_RECURSION = YES;
				CLANG_WARN_INT_CONVERSION = YES;
				CLANG_WARN_NON_LITERAL_NULL_CONVERSION = YES;
				CLANG_WARN_OBJC_IMPLICIT_RETAIN_SELF = YES;
				CLANG_WARN_OBJC_LITERAL_CONVERSION = YES;
				CLANG_WARN_OBJC_ROOT_CLASS = YES_ERROR;
				CLANG_WARN_QUOTED_INCLUDE_IN_FRAMEWORK_HEADER = YES;
				CLANG_WARN_RANGE_LOOP_ANALYSIS = YES;
				CLANG_WARN_STRICT_PROTOTYPES = YES;
				CLANG_WARN_SUSPICIOUS_MOVE = YES;
				CLANG_WARN_UNGUARDED_AVAILABILITY = YES_AGGRESSIVE;
				CLANG_WARN_UNREACHABLE_CODE = YES;
				CLANG_WARN__DUPLICATE_METHOD_MATCH = YES;
				COPY_PHASE_STRIP = NO;
				DEBUG_INFORMATION_FORMAT = dwarf;
				ENABLE_STRICT_OBJC_MSGSEND = YES;
				ENABLE_TESTABILITY = YES;
				ENABLE_USER_SCRIPT_SANDBOXING = YES;
				GCC_C_LANGUAGE_STANDARD = gnu17;
				GCC_DYNAMIC_NO_PIC = NO;
				GCC_NO_COMMON_BLOCKS = YES;
				GCC_OPTIMIZATION_LEVEL = 0;
				GCC_PREPROCESSOR_DEFINITIONS = (
					"DEBUG=1",
					"$(inherited)",
				);
				GCC_WARN_64_TO_32_BIT_CONVERSION = YES;
				GCC_WARN_ABOUT_RETURN_TYPE = YES_ERROR;
				GCC_WARN_UNDECLARED_SELECTOR = YES;
				GCC_WARN_UNINITIALIZED_AUTOS = YES_AGGRESSIVE;
				GCC_WARN_UNUSED_FUNCTION = YES;
				GCC_WARN_UNUSED_VARIABLE = YES;
				IPHONEOS_DEPLOYMENT_TARGET = 18.2;
				LOCALIZATION_PREFERS_STRING_CATALOGS = YES;
				MTL_ENABLE_DEBUG_INFO = INCLUDE_SOURCE;
				MTL_FAST_MATH = YES;
				ONLY_ACTIVE_ARCH = YES;
				SDKROOT = iphoneos;
				SWIFT_ACTIVE_COMPILATION_CONDITIONS = "DEBUG $(inherited)";
				SWIFT_OPTIMIZATION_LEVEL = "-Onone";
			};
			name = Debug;
		};
		60DE9BC02D55E3D2003BC6AF /* Release */ = {
			isa = XCBuildConfiguration;
			buildSettings = {
				ALWAYS_SEARCH_USER_PATHS = NO;
				ASSETCATALOG_COMPILER_GENERATE_SWIFT_ASSET_SYMBOL_EXTENSIONS = YES;
				CLANG_ANALYZER_NONNULL = YES;
				CLANG_ANALYZER_NUMBER_OBJECT_CONVERSION = YES_AGGRESSIVE;
				CLANG_CXX_LANGUAGE_STANDARD = "gnu++20";
				CLANG_ENABLE_MODULES = YES;
				CLANG_ENABLE_OBJC_ARC = YES;
				CLANG_ENABLE_OBJC_WEAK = YES;
				CLANG_WARN_BLOCK_CAPTURE_AUTORELEASING = YES;
				CLANG_WARN_BOOL_CONVERSION = YES;
				CLANG_WARN_COMMA = YES;
				CLANG_WARN_CONSTANT_CONVERSION = YES;
				CLANG_WARN_DEPRECATED_OBJC_IMPLEMENTATIONS = YES;
				CLANG_WARN_DIRECT_OBJC_ISA_USAGE = YES_ERROR;
				CLANG_WARN_DOCUMENTATION_COMMENTS = YES;
				CLANG_WARN_EMPTY_BODY = YES;
				CLANG_WARN_ENUM_CONVERSION = YES;
				CLANG_WARN_INFINITE_RECURSION = YES;
				CLANG_WARN_INT_CONVERSION = YES;
				CLANG_WARN_NON_LITERAL_NULL_CONVERSION = YES;
				CLANG_WARN_OBJC_IMPLICIT_RETAIN_SELF = YES;
				CLANG_WARN_OBJC_LITERAL_CONVERSION = YES;
				CLANG_WARN_OBJC_ROOT_CLASS = YES_ERROR;
				CLANG_WARN_QUOTED_INCLUDE_IN_FRAMEWORK_HEADER = YES;
				CLANG_WARN_RANGE_LOOP_ANALYSIS = YES;
				CLANG_WARN_STRICT_PROTOTYPES = YES;
				CLANG_WARN_SUSPICIOUS_MOVE = YES;
				CLANG_WARN_UNGUARDED_AVAILABILITY = YES_AGGRESSIVE;
				CLANG_WARN_UNREACHABLE_CODE = YES;
				CLANG_WARN__DUPLICATE_METHOD_MATCH = YES;
				COPY_PHASE_STRIP = NO;
				DEBUG_INFORMATION_FORMAT = "dwarf-with-dsym";
				ENABLE_NS_ASSERTIONS = NO;
				ENABLE_STRICT_OBJC_MSGSEND = YES;
				ENABLE_USER_SCRIPT_SANDBOXING = YES;
				GCC_C_LANGUAGE_STANDARD = gnu17;
				GCC_NO_COMMON_BLOCKS = YES;
				GCC_WARN_64_TO_32_BIT_CONVERSION = YES;
				GCC_WARN_ABOUT_RETURN_TYPE = YES_ERROR;
				GCC_WARN_UNDECLARED_SELECTOR = YES;
				GCC_WARN_UNINITIALIZED_AUTOS = YES_AGGRESSIVE;
				GCC_WARN_UNUSED_FUNCTION = YES;
				GCC_WARN_UNUSED_VARIABLE = YES;
				IPHONEOS_DEPLOYMENT_TARGET = 18.2;
				LOCALIZATION_PREFERS_STRING_CATALOGS = YES;
				MTL_ENABLE_DEBUG_INFO = NO;
				MTL_FAST_MATH = YES;
				SDKROOT = iphoneos;
				SWIFT_COMPILATION_MODE = wholemodule;
				VALIDATE_PRODUCT = YES;
			};
			name = Release;
		};
		60DE9BC22D55E3D2003BC6AF /* Debug */ = {
			isa = XCBuildConfiguration;
			buildSettings = {
				BUNDLE_LOADER = "$(TEST_HOST)";
				CODE_SIGN_STYLE = Automatic;
				CURRENT_PROJECT_VERSION = 1;
				GENERATE_INFOPLIST_FILE = YES;
				IPHONEOS_DEPLOYMENT_TARGET = 18.2;
				MARKETING_VERSION = 1.0;
				PRODUCT_BUNDLE_IDENTIFIER = vinay.pencilsketchTests;
				PRODUCT_NAME = "$(TARGET_NAME)";
				SWIFT_EMIT_LOC_STRINGS = NO;
				SWIFT_VERSION = 5.0;
				TARGETED_DEVICE_FAMILY = "1,2";
				TEST_HOST = "$(BUILT_PRODUCTS_DIR)/pencilsketch.app/$(BUNDLE_EXECUTABLE_FOLDER_PATH)/pencilsketch";
			};
			name = Debug;
		};
		60DE9BC32D55E3D2003BC6AF /* Release */ = {
			isa = XCBuildConfiguration;
			buildSettings = {
				BUNDLE_LOADER = "$(TEST_HOST)";
				CODE_SIGN_STYLE = Automatic;
				CURRENT_PROJECT_VERSION = 1;
				GENERATE_INFOPLIST_FILE = YES;
				IPHONEOS_DEPLOYMENT_TARGET = 18.2;
				MARKETING_VERSION = 1.0;
				PRODUCT_BUNDLE_IDENTIFIER = vinay.pencilsketchTests;
				PRODUCT_NAME = "$(TARGET_NAME)";
				SWIFT_EMIT_LOC_STRINGS = NO;
				SWIFT_VERSION = 5.0;
				TARGETED_DEVICE_FAMILY = "1,2";
				TEST_HOST = "$(BUILT_PRODUCTS_DIR)/pencilsketch.app/$(BUNDLE_EXECUTABLE_FOLDER_PATH)/pencilsketch";
			};
			name = Release;
		};
		60DE9BC52D55E3D2003BC6AF /* Debug */ = {
			isa = XCBuildConfiguration;
			buildSettings = {
				CODE_SIGN_STYLE = Automatic;
				CURRENT_PROJECT_VERSION = 1;
				GENERATE_INFOPLIST_FILE = YES;
				MARKETING_VERSION = 1.0;
				PRODUCT_BUNDLE_IDENTIFIER = vinay.pencilsketchUITests;
				PRODUCT_NAME = "$(TARGET_NAME)";
				SWIFT_EMIT_LOC_STRINGS = NO;
				SWIFT_VERSION = 5.0;
				TARGETED_DEVICE_FAMILY = "1,2";
				TEST_TARGET_NAME = pencilsketch;
			};
			name = Debug;
		};
		60DE9BC62D55E3D2003BC6AF /* Release */ = {
			isa = XCBuildConfiguration;
			buildSettings = {
				CODE_SIGN_STYLE = Automatic;
				CURRENT_PROJECT_VERSION = 1;
				GENERATE_INFOPLIST_FILE = YES;
				MARKETING_VERSION = 1.0;
				PRODUCT_BUNDLE_IDENTIFIER = vinay.pencilsketchUITests;
				PRODUCT_NAME = "$(TARGET_NAME)";
				SWIFT_EMIT_LOC_STRINGS = NO;
				SWIFT_VERSION = 5.0;
				TARGETED_DEVICE_FAMILY = "1,2";
				TEST_TARGET_NAME = pencilsketch;
			};
			name = Release;
		};
/* End XCBuildConfiguration section */

/* Begin XCConfigurationList section */
		60DE9B8E2D55E3D1003BC6AF /* Build configuration list for PBXProject "pencilsketch" */ = {
			isa = XCConfigurationList;
			buildConfigurations = (
				60DE9BBF2D55E3D2003BC6AF /* Debug */,
				60DE9BC02D55E3D2003BC6AF /* Release */,
			);
			defaultConfigurationIsVisible = 0;
			defaultConfigurationName = Release;
		};
		60DE9BBC2D55E3D2003BC6AF /* Build configuration list for PBXNativeTarget "pencilsketch" */ = {
			isa = XCConfigurationList;
			buildConfigurations = (
				60DE9BBD2D55E3D2003BC6AF /* Debug */,
				60DE9BBE2D55E3D2003BC6AF /* Release */,
			);
			defaultConfigurationIsVisible = 0;
			defaultConfigurationName = Release;
		};
		60DE9BC12D55E3D2003BC6AF /* Build configuration list for PBXNativeTarget "pencilsketchTests" */ = {
			isa = XCConfigurationList;
			buildConfigurations = (
				60DE9BC22D55E3D2003BC6AF /* Debug */,
				60DE9BC32D55E3D2003BC6AF /* Release */,
			);
			defaultConfigurationIsVisible = 0;
			defaultConfigurationName = Release;
		};
		60DE9BC42D55E3D2003BC6AF /* Build configuration list for PBXNativeTarget "pencilsketchUITests" */ = {
			isa = XCConfigurationList;
			buildConfigurations = (
				60DE9BC52D55E3D2003BC6AF /* Debug */,
				60DE9BC62D55E3D2003BC6AF /* Release */,
			);
			defaultConfigurationIsVisible = 0;
			defaultConfigurationName = Release;
		};
/* End XCConfigurationList section */
	};
	rootObject = 60DE9B8B2D55E3D1003BC6AF /* Project object */;
}
